{
  "nodes": {
    "cmpkgs": {
      "locked": {
        "lastModified": 1599802301,
        "narHash": "sha256-nfGKQ/MTRYHx1dhFuo3zn3UjZ5opjyxao/Yc05lihFM=",
        "owner": "colemickens",
        "repo": "nixpkgs",
        "rev": "895cd45413f6214012a67ff7fd1b539beb8dfa25",
        "type": "github"
      },
      "original": {
        "owner": "colemickens",
        "ref": "cmpkgs",
        "repo": "nixpkgs",
        "type": "github"
      }
    },
    "flake-utils": {
      "locked": {
        "lastModified": 1597053966,
        "narHash": "sha256-f9lbPS/GJ1His8fsDqM6gfa8kSqREU4eKiMCS5hrKg4=",
        "owner": "numtide",
        "repo": "flake-utils",
        "rev": "ec20f52e2ff61e9c36c2b894b62fc1b4bd04c71b",
        "type": "github"
      },
      "original": {
        "owner": "numtide",
        "repo": "flake-utils",
        "type": "github"
      }
    },
    "nixpkgs": {
      "locked": {
        "lastModified": 1597057899,
        "narHash": "sha256-U144beTNlMdersGcr49IGU2YP1HjeS3pT3+FbOXN7r8=",
        "owner": "nixos",
        "repo": "nixpkgs",
        "rev": "32b46dd897ab2143a609988a04d87452f0bbef59",
        "type": "github"
      },
      "original": {
        "owner": "nixos",
        "ref": "nixos-unstable",
        "repo": "nixpkgs",
        "type": "github"
      }
    },
    "root": {
      "inputs": {
        "cmpkgs": "cmpkgs",
        "flake-utils": "flake-utils",
        "nixpkgs": "nixpkgs"
      }
    }
  },
  "root": "root",
  "version": 7
}
