{
  "nodes": {
    "nixpkgs": {
      "locked": {
        "lastModified": 1597057899,
        "narHash": "sha256-U144beTNlMdersGcr49IGU2YP1HjeS3pT3+FbOXN7r8=",
        "owner": "nixos",
        "repo": "nixpkgs",
        "rev": "32b46dd897ab2143a609988a04d87452f0bbef59",
        "type": "github"
      },
      "original": {
        "owner": "nixos",
        "ref": "nixos-unstable",
        "repo": "nixpkgs",
        "type": "github"
      }
    },
    "root": {
      "inputs": {
        "nixpkgs": "nixpkgs"
      }
    }
  },
  "root": "root",
  "version": 7
}
