{
  "nodes": {
    "blobxferpkgs": {
      "locked": {
        "lastModified": 1595996365,
        "narHash": "sha256-sV8N2dttoQRtEyUfjDD1+9w3Jv+Dc3CQ2Twps71EElE=",
        "owner": "nixos",
        "repo": "nixpkgs",
        "rev": "d3ff247475f50829a87bf248261ad5462cf07936",
        "type": "github"
      },
      "original": {
        "owner": "nixos",
        "repo": "nixpkgs",
        "rev": "d3ff247475f50829a87bf248261ad5462cf07936",
        "type": "github"
      }
    },
    "cmpkgs": {
      "locked": {
        "lastModified": 1618365883,
        "narHash": "sha256-X8Ids5ljm725M8TlmVwuG4px4EInkLNuOeYcoj9bCN0=",
        "owner": "colemickens",
        "repo": "nixpkgs",
        "rev": "00e798ad6a2e5efe7fe1b89f75f01ef3d667c435",
        "type": "github"
      },
      "original": {
        "owner": "colemickens",
        "ref": "cmpkgs",
        "repo": "nixpkgs",
        "type": "github"
      }
    },
    "nixpkgs": {
      "locked": {
        "lastModified": 1618251784,
        "narHash": "sha256-/IG7op2hUVnjzKt2UXL152+YsL0gdPakk6/RxondIJ0=",
        "owner": "nixos",
        "repo": "nixpkgs",
        "rev": "311ceed827f531f88f46222920cd1ebb2c101f73",
        "type": "github"
      },
      "original": {
        "owner": "nixos",
        "ref": "nixos-unstable",
        "repo": "nixpkgs",
        "type": "github"
      }
    },
    "root": {
      "inputs": {
        "blobxferpkgs": "blobxferpkgs",
        "cmpkgs": "cmpkgs",
        "nixpkgs": "nixpkgs"
      }
    }
  },
  "root": "root",
  "version": 7
}
